version = 1
requires-python = ">=3.13.2"

[[package]]
name = "enovates-modbus"
version = "0.1.0"
source = { editable = "." }
dependencies = [
    { name = "pymodbus" },
]

[package.metadata]
requires-dist = [{ name = "pymodbus", specifier = ">=3.11.2" }]

[[package]]
name = "pymodbus"
version = "3.11.4"
source = { registry = "https://pypi.org/simple" }
sdist = { url = "https://files.pythonhosted.org/packages/2a/af/bbb716301ab9c60f0702c3cdf72cc0e373286a5648fe16bc4431400489dc/pymodbus-3.11.4.tar.gz", hash = "sha256:6910e385cb6b2f983cd457e9ecee2ff580dbb23cf3d84aefec0845e71edd606a", size = 163422 }
wheels = [
    { url = "https://files.pythonhosted.org/packages/02/80/84c32440949c77f2c201c38e5fa56fd8f19da31bf24df55bdbdaba67767c/pymodbus-3.11.4-py3-none-any.whl", hash = "sha256:89865929f53bd5e32b4076dde00ee86d9b8afb1686832ed74e69d55df22729c3", size = 166002 },
]
